
Microsoft Visual Studio Solution File, Format Version 12.00
# Visual Studio Version 17
VisualStudioVersion = 17.5.33516.290
MinimumVisualStudioVersion = 10.0.40219.1
Project("{FAE04EC0-301F-11D3-BF4B-00C04F79EFBC}") = "PB_7", "PB_7.csproj", "{47F95D84-9C42-4CD6-A282-D0F9E14E59D9}"
EndProject
Global
	GlobalSection(SolutionConfigurationPlatforms) = preSolution
		Debug|Any CPU = Debug|Any CPU
		Release|Any CPU = Release|Any CPU
	EndGlobalSection
	GlobalSection(ProjectConfigurationPlatforms) = postSolution
		{47F95D84-9C42-4CD6-A282-D0F9E14E59D9}.Debug|Any CPU.ActiveCfg = Debug|Any CPU
		{47F95D84-9C42-4CD6-A282-D0F9E14E59D9}.Debug|Any CPU.Build.0 = Debug|Any CPU
		{47F95D84-9C42-4CD6-A282-D0F9E14E59D9}.Release|Any CPU.ActiveCfg = Release|Any CPU
		{47F95D84-9C42-4CD6-A282-D0F9E14E59D9}.Release|Any CPU.Build.0 = Release|Any CPU
	EndGlobalSection
	GlobalSection(SolutionProperties) = preSolution
		HideSolutionNode = FALSE
	EndGlobalSection
	GlobalSection(ExtensibilityGlobals) = postSolution
		SolutionGuid = {4DCE5D82-44D1-4063-B93A-86CCF9713038}
	EndGlobalSection
EndGlobal
